
Microsoft Visual Studio Solution File, Format Version 12.00
# Visual Studio 2013
VisualStudioVersion = 12.0.31101.0
MinimumVisualStudioVersion = 10.0.40219.1
Project("{FAE04EC0-301F-11D3-BF4B-00C04F79EFBC}") = "Task1.BoolToString", "Task1.Class\Task1.BoolToString.csproj", "{45300360-0FBE-4B0D-B84E-E94CE691EDE7}"
EndProject
Project("{FAE04EC0-301F-11D3-BF4B-00C04F79EFBC}") = "Task2.PersonBuilder", "Task2.Person\Task2.PersonBuilder.csproj", "{4C47EEF2-C108-47A5-A3BE-5E2D29D8A882}"
EndProject
Project("{FAE04EC0-301F-11D3-BF4B-00C04F79EFBC}") = "Task3.BrowserChecker", "Task3.Browser\Task3.BrowserChecker.csproj", "{2C88B803-1806-4DB2-9435-D52B643B04B4}"
EndProject
Project("{FAE04EC0-301F-11D3-BF4B-00C04F79EFBC}") = "Task4.MineSweeper", "Task4.Mines\Task4.MineSweeper.csproj", "{226F48DE-A77A-45EE-A60D-4BD73DA070C7}"
EndProject
Global
	GlobalSection(SolutionConfigurationPlatforms) = preSolution
		Debug|Any CPU = Debug|Any CPU
		Release|Any CPU = Release|Any CPU
	EndGlobalSection
	GlobalSection(ProjectConfigurationPlatforms) = postSolution
		{45300360-0FBE-4B0D-B84E-E94CE691EDE7}.Debug|Any CPU.ActiveCfg = Debug|Any CPU
		{45300360-0FBE-4B0D-B84E-E94CE691EDE7}.Debug|Any CPU.Build.0 = Debug|Any CPU
		{45300360-0FBE-4B0D-B84E-E94CE691EDE7}.Release|Any CPU.ActiveCfg = Release|Any CPU
		{45300360-0FBE-4B0D-B84E-E94CE691EDE7}.Release|Any CPU.Build.0 = Release|Any CPU
		{4C47EEF2-C108-47A5-A3BE-5E2D29D8A882}.Debug|Any CPU.ActiveCfg = Debug|Any CPU
		{4C47EEF2-C108-47A5-A3BE-5E2D29D8A882}.Debug|Any CPU.Build.0 = Debug|Any CPU
		{4C47EEF2-C108-47A5-A3BE-5E2D29D8A882}.Release|Any CPU.ActiveCfg = Release|Any CPU
		{4C47EEF2-C108-47A5-A3BE-5E2D29D8A882}.Release|Any CPU.Build.0 = Release|Any CPU
		{2C88B803-1806-4DB2-9435-D52B643B04B4}.Debug|Any CPU.ActiveCfg = Debug|Any CPU
		{2C88B803-1806-4DB2-9435-D52B643B04B4}.Debug|Any CPU.Build.0 = Debug|Any CPU
		{2C88B803-1806-4DB2-9435-D52B643B04B4}.Release|Any CPU.ActiveCfg = Release|Any CPU
		{2C88B803-1806-4DB2-9435-D52B643B04B4}.Release|Any CPU.Build.0 = Release|Any CPU
		{226F48DE-A77A-45EE-A60D-4BD73DA070C7}.Debug|Any CPU.ActiveCfg = Debug|Any CPU
		{226F48DE-A77A-45EE-A60D-4BD73DA070C7}.Debug|Any CPU.Build.0 = Debug|Any CPU
		{226F48DE-A77A-45EE-A60D-4BD73DA070C7}.Release|Any CPU.ActiveCfg = Release|Any CPU
		{226F48DE-A77A-45EE-A60D-4BD73DA070C7}.Release|Any CPU.Build.0 = Release|Any CPU
	EndGlobalSection
	GlobalSection(SolutionProperties) = preSolution
		HideSolutionNode = FALSE
	EndGlobalSection
EndGlobal
