
Microsoft Visual Studio Solution File, Format Version 12.00
# Visual Studio 2013
VisualStudioVersion = 12.0.40629.0
MinimumVisualStudioVersion = 10.0.40219.1
Project("{FAE04EC0-301F-11D3-BF4B-00C04F79EFBC}") = "Log4netExample", "Log4netExample\Log4netExample.csproj", "{73ED71CB-6057-4A1A-8B82-2B9B4551CF91}"
EndProject
Project("{FAE04EC0-301F-11D3-BF4B-00C04F79EFBC}") = "T4Templates", "T4Templates\T4Templates.csproj", "{4B1A2FC2-22E4-4D09-93B1-4527D924071C}"
EndProject
Project("{FAE04EC0-301F-11D3-BF4B-00C04F79EFBC}") = "HomeworkGitProjects", "HomeworkGitProjects\HomeworkGitProjects.csproj", "{7E687374-A061-4999-A954-F9583C7536B9}"
EndProject
Global
	GlobalSection(SolutionConfigurationPlatforms) = preSolution
		Debug|Any CPU = Debug|Any CPU
		Release|Any CPU = Release|Any CPU
	EndGlobalSection
	GlobalSection(ProjectConfigurationPlatforms) = postSolution
		{73ED71CB-6057-4A1A-8B82-2B9B4551CF91}.Debug|Any CPU.ActiveCfg = Debug|Any CPU
		{73ED71CB-6057-4A1A-8B82-2B9B4551CF91}.Debug|Any CPU.Build.0 = Debug|Any CPU
		{73ED71CB-6057-4A1A-8B82-2B9B4551CF91}.Release|Any CPU.ActiveCfg = Release|Any CPU
		{73ED71CB-6057-4A1A-8B82-2B9B4551CF91}.Release|Any CPU.Build.0 = Release|Any CPU
		{4B1A2FC2-22E4-4D09-93B1-4527D924071C}.Debug|Any CPU.ActiveCfg = Debug|Any CPU
		{4B1A2FC2-22E4-4D09-93B1-4527D924071C}.Debug|Any CPU.Build.0 = Debug|Any CPU
		{4B1A2FC2-22E4-4D09-93B1-4527D924071C}.Release|Any CPU.ActiveCfg = Release|Any CPU
		{4B1A2FC2-22E4-4D09-93B1-4527D924071C}.Release|Any CPU.Build.0 = Release|Any CPU
		{7E687374-A061-4999-A954-F9583C7536B9}.Debug|Any CPU.ActiveCfg = Debug|Any CPU
		{7E687374-A061-4999-A954-F9583C7536B9}.Debug|Any CPU.Build.0 = Debug|Any CPU
		{7E687374-A061-4999-A954-F9583C7536B9}.Release|Any CPU.ActiveCfg = Release|Any CPU
		{7E687374-A061-4999-A954-F9583C7536B9}.Release|Any CPU.Build.0 = Release|Any CPU
	EndGlobalSection
	GlobalSection(SolutionProperties) = preSolution
		HideSolutionNode = FALSE
	EndGlobalSection
EndGlobal
